
Microsoft Visual Studio Solution File, Format Version 12.00
# Visual Studio Version 17
VisualStudioVersion = 17.7.34024.191
MinimumVisualStudioVersion = 10.0.40219.1
Project("{FAE04EC0-301F-11D3-BF4B-00C04F79EFBC}") = "NotesApp", "NotesApp.csproj", "{B6349309-0319-4FE6-88BF-1D4F07FEF147}"
EndProject
Global
	GlobalSection(SolutionConfigurationPlatforms) = preSolution
		Debug|Any CPU = Debug|Any CPU
		Release|Any CPU = Release|Any CPU
	EndGlobalSection
	GlobalSection(ProjectConfigurationPlatforms) = postSolution
		{B6349309-0319-4FE6-88BF-1D4F07FEF147}.Debug|Any CPU.ActiveCfg = Debug|Any CPU
		{B6349309-0319-4FE6-88BF-1D4F07FEF147}.Debug|Any CPU.Build.0 = Debug|Any CPU
		{B6349309-0319-4FE6-88BF-1D4F07FEF147}.Debug|Any CPU.Deploy.0 = Debug|Any CPU
		{B6349309-0319-4FE6-88BF-1D4F07FEF147}.Release|Any CPU.ActiveCfg = Release|Any CPU
		{B6349309-0319-4FE6-88BF-1D4F07FEF147}.Release|Any CPU.Build.0 = Release|Any CPU
		{B6349309-0319-4FE6-88BF-1D4F07FEF147}.Release|Any CPU.Deploy.0 = Release|Any CPU
	EndGlobalSection
	GlobalSection(SolutionProperties) = preSolution
		HideSolutionNode = FALSE
	EndGlobalSection
	GlobalSection(ExtensibilityGlobals) = postSolution
		SolutionGuid = {48ABB460-1F07-4962-8A57-7F42DC868E7F}
	EndGlobalSection
EndGlobal
